Microsoft Visual Studio Solution File, Format Version 11.00
# Visual Studio 2008

Project("{4E9024FB-D74C-2915-D5FC-BE69A041E3A8}") = "RoboBUG 2 - Return of the Bugs", "Assembly-CSharp-firstpass-vs.csproj", "{B69F1CCB-0976-FFDD-546C-EFBB5C1DD710}"
EndProject
Project("{4E9024FB-D74C-2915-D5FC-BE69A041E3A8}") = "RoboBUG 2 - Return of the Bugs", "Assembly-CSharp-vs.csproj", "{FABB34F2-F4D1-25C3-F6B4-FB3584A34B74}"
EndProject
Global
	GlobalSection(SolutionConfigurationPlatforms) = preSolution
		Debug|Any CPU = Debug|Any CPU
		Release|Any CPU = Release|Any CPU
	EndGlobalSection
	GlobalSection(ProjectConfigurationPlatforms) = postSolution
		{B69F1CCB-0976-FFDD-546C-EFBB5C1DD710}.Debug|Any CPU.ActiveCfg = Debug|Any CPU
		{B69F1CCB-0976-FFDD-546C-EFBB5C1DD710}.Debug|Any CPU.Build.0 = Debug|Any CPU
		{B69F1CCB-0976-FFDD-546C-EFBB5C1DD710}.Release|Any CPU.ActiveCfg = Release|Any CPU
		{B69F1CCB-0976-FFDD-546C-EFBB5C1DD710}.Release|Any CPU.Build.0 = Release|Any CPU
		{FABB34F2-F4D1-25C3-F6B4-FB3584A34B74}.Debug|Any CPU.ActiveCfg = Debug|Any CPU
		{FABB34F2-F4D1-25C3-F6B4-FB3584A34B74}.Debug|Any CPU.Build.0 = Debug|Any CPU
		{FABB34F2-F4D1-25C3-F6B4-FB3584A34B74}.Release|Any CPU.ActiveCfg = Release|Any CPU
		{FABB34F2-F4D1-25C3-F6B4-FB3584A34B74}.Release|Any CPU.Build.0 = Release|Any CPU
	EndGlobalSection
	GlobalSection(SolutionProperties) = preSolution
		HideSolutionNode = FALSE
	EndGlobalSection
												GlobalSection(MonoDevelopProperties) = preSolution
		StartupItem = Assembly-CSharp.csproj
		Policies = $0
		$0.TextStylePolicy = $1
		$1.inheritsSet = null
		$1.scope = text/x-csharp
		$0.CSharpFormattingPolicy = $2
		$2.inheritsSet = Mono
		$2.inheritsScope = text/x-csharp
		$2.scope = text/x-csharp
		$0.TextStylePolicy = $3
		$3.FileWidth = 120
		$3.TabWidth = 4
		$3.EolMarker = Unix
		$3.inheritsSet = Mono
		$3.inheritsScope = text/plain
		$3.scope = text/plain
	EndGlobalSection

EndGlobal
